# THIS IS AN AUTOGENERATED FILE. DO NOT EDIT THIS FILE DIRECTLY.
# yarn lockfile v1


"@types/n-readlines@^1.0.3":
  version "1.0.3"
  resolved "https://registry.yarnpkg.com/@types/n-readlines/-/n-readlines-1.0.3.tgz#0a4a02d6f55280e5ad82f372d5c8e3eebfc05db4"
  integrity sha512-6zMvlOZp56sEEndnkEX+A05Q+LrPB7yDUX1d5oE0aOF9rIE10ndhZHEy0mBFqzBUIw5sSFMUypwgD3FehplPvg==
  dependencies:
    "@types/node" "*"

"@types/node@*", "@types/node@^18.8.5":
  version "18.8.5"
  resolved "https://registry.yarnpkg.com/@types/node/-/node-18.8.5.tgz#6a31f820c1077c3f8ce44f9e203e68a176e8f59e"
  integrity sha512-Bq7G3AErwe5A/Zki5fdD3O6+0zDChhg671NfPjtIcbtzDNZTv4NPKMRFr7gtYPG7y+B8uTiNK4Ngd9T0FTar6Q==

n-readlines@^1.0.1:
  version "1.0.1"
  resolved "https://registry.yarnpkg.com/n-readlines/-/n-readlines-1.0.1.tgz#bbb7364d38bc31a170a199f986fcacfa76b95f6e"
  integrity sha512-z4SyAIVgMy7CkgsoNw7YVz40v0g4+WWvvqy8+ZdHrCtgevcEO758WQyrYcw3XPxcLxF+//RszTz/rO48nzD0wQ==
